
Microsoft Visual Studio Solution File, Format Version 12.00
# Visual Studio Version 17
VisualStudioVersion = 17.1.32328.378
MinimumVisualStudioVersion = 10.0.40219.1
Project("{FAE04EC0-301F-11D3-BF4B-00C04F79EFBC}") = "ResponsiPemrograman4416", "ResponsiPemrograman4416\ResponsiPemrograman4416.csproj", "{D73C7781-C984-4FF3-B531-4CA72A4BD472}"
EndProject
Global
	GlobalSection(SolutionConfigurationPlatforms) = preSolution
		Debug|Any CPU = Debug|Any CPU
		Release|Any CPU = Release|Any CPU
	EndGlobalSection
	GlobalSection(ProjectConfigurationPlatforms) = postSolution
		{D73C7781-C984-4FF3-B531-4CA72A4BD472}.Debug|Any CPU.ActiveCfg = Debug|Any CPU
		{D73C7781-C984-4FF3-B531-4CA72A4BD472}.Debug|Any CPU.Build.0 = Debug|Any CPU
		{D73C7781-C984-4FF3-B531-4CA72A4BD472}.Release|Any CPU.ActiveCfg = Release|Any CPU
		{D73C7781-C984-4FF3-B531-4CA72A4BD472}.Release|Any CPU.Build.0 = Release|Any CPU
	EndGlobalSection
	GlobalSection(SolutionProperties) = preSolution
		HideSolutionNode = FALSE
	EndGlobalSection
	GlobalSection(ExtensibilityGlobals) = postSolution
		SolutionGuid = {83B61809-A4F9-4C02-AD77-32F58F1BC3BF}
	EndGlobalSection
EndGlobal
